github.com/hugomods/bootstrap v0.8.1 h1:ijFaXUG1wric8FfUOUX1JWgppeMgvHC0mQz2Gew8XfM=
github.com/hugomods/bootstrap v0.8.1/go.mod h1:NVii94xgqDocyD0+aAWamBLPJjNspfMynEdmIOXO3Vs=
github.com/hugomods/icons v0.6.0 h1:G6RU93okhPPRDh/jqcew9gwkcYpSpg0rCBv4S6yUAFw=
github.com/hugomods/icons v0.6.0/go.mod h1:cIkSvK6W0q6N4U6n9KGz+QfRWQXAW0INd+1P31gPNGg=
github.com/hugomods/icons/vendors/bootstrap v0.5.0 h1:CHEGk677heq2kJZa7XsGHRc3Hwizl9NFkmNw146OVm0=
github.com/hugomods/icons/vendors/bootstrap v0.5.0/go.mod h1:kfC17VWV+tNi6PGF4AY7CJBBa1/HEgWxCYq2kNOdcdI=
github.com/hugomods/images v0.7.0 h1:NEGgCSrh1YuHGmTAL9wDAKLdXL4WU6Nw4BfkampJxyM=
github.com/hugomods/images v0.7.0/go.mod h1:U6Gwj16LKvk66rOMyGFrnF6f0aV8lT89lqOsckOAjYY=
github.com/hugomods/katex v0.2.0 h1:h5hG0vnyL6dMzNiLeNMXb+VPwseZXoTORjzV6e6YgJw=
github.com/hugomods/katex v0.2.0/go.mod h1:8wO7jRjPT+M6UeipsJ0Hpah4LjWU9P6V5CO0eEKvL8U=
github.com/hugomods/shortcodes v0.10.0 h1:NKu2m1xciBsqzu7PU0SDu1C12OHdX+pMjfUI975kCXM=
github.com/hugomods/shortcodes v0.10.0/go.mod h1:EnVopbZMNI/HeteM3Lp3phBTCRLvPSe7l142qhRFFPY=
